
Microsoft Visual Studio Solution File, Format Version 12.00
# Visual Studio Version 17
VisualStudioVersion = 17.2.32630.192
MinimumVisualStudioVersion = 10.0.40219.1
Project("{FAE04EC0-301F-11D3-BF4B-00C04F79EFBC}") = "Reklamace_Kion", "Reklamace_Kion\Reklamace_Kion.csproj", "{CFDC1FD0-3B97-4AC2-BE0F-EC46D1B64D0F}"
EndProject
Global
	GlobalSection(SolutionConfigurationPlatforms) = preSolution
		Debug|Any CPU = Debug|Any CPU
		Release|Any CPU = Release|Any CPU
	EndGlobalSection
	GlobalSection(ProjectConfigurationPlatforms) = postSolution
		{CFDC1FD0-3B97-4AC2-BE0F-EC46D1B64D0F}.Debug|Any CPU.ActiveCfg = Debug|Any CPU
		{CFDC1FD0-3B97-4AC2-BE0F-EC46D1B64D0F}.Debug|Any CPU.Build.0 = Debug|Any CPU
		{CFDC1FD0-3B97-4AC2-BE0F-EC46D1B64D0F}.Release|Any CPU.ActiveCfg = Release|Any CPU
		{CFDC1FD0-3B97-4AC2-BE0F-EC46D1B64D0F}.Release|Any CPU.Build.0 = Release|Any CPU
	EndGlobalSection
	GlobalSection(SolutionProperties) = preSolution
		HideSolutionNode = FALSE
	EndGlobalSection
	GlobalSection(ExtensibilityGlobals) = postSolution
		SolutionGuid = {1A57887E-7F91-4B33-9EDD-DDFA8B714142}
	EndGlobalSection
EndGlobal
